// !$*UTF8*$!
{
	archiveVersion = 1;
	classes = {
	};
	objectVersion = 50;
	objects = {

/* Begin PBXFileReference section */
		4100CEDF2391933B003ACFF6 /* MCAL */ = {isa = PBXFileReference; lastKnownFileType = folder; path = MCAL; sourceTree = "<group>"; };
		4100CEE02391933B003ACFF6 /* KeyPad_Driver.map */ = {isa = PBXFileReference; lastKnownFileType = "sourcecode.module-map"; path = KeyPad_Driver.map; sourceTree = "<group>"; };
		4100CEE12391933B003ACFF6 /* sources.mk */ = {isa = PBXFileReference; lastKnownFileType = text; path = sources.mk; sourceTree = "<group>"; };
		4100CEE22391933B003ACFF6 /* MOHSEN.map */ = {isa = PBXFileReference; lastKnownFileType = "sourcecode.module-map"; path = MOHSEN.map; sourceTree = "<group>"; };
		4100CEE32391933B003ACFF6 /* HAL */ = {isa = PBXFileReference; lastKnownFileType = folder; path = HAL; sourceTree = "<group>"; };
		4100CEE42391933B003ACFF6 /* makefile */ = {isa = PBXFileReference; lastKnownFileType = sourcecode.make; path = makefile; sourceTree = "<group>"; };
		4100CEE52391933B003ACFF6 /* MOHSEN.lss */ = {isa = PBXFileReference; lastKnownFileType = text; path = MOHSEN.lss; sourceTree = "<group>"; };
		4100CEE62391933B003ACFF6 /* KeyPad_Driver.elf */ = {isa = PBXFileReference; lastKnownFileType = file; path = KeyPad_Driver.elf; sourceTree = "<group>"; };
		4100CEE72391933B003ACFF6 /* KeyPad_Driver.lss */ = {isa = PBXFileReference; lastKnownFileType = text; path = KeyPad_Driver.lss; sourceTree = "<group>"; };
		4100CEE82391933B003ACFF6 /* objects.mk */ = {isa = PBXFileReference; lastKnownFileType = text; path = objects.mk; sourceTree = "<group>"; };
		4100CEE92391933B003ACFF6 /* App.o */ = {isa = PBXFileReference; lastKnownFileType = "compiled.mach-o.objfile"; path = App.o; sourceTree = "<group>"; };
		4100CEEA2391933B003ACFF6 /* MOHSEN.hex */ = {isa = PBXFileReference; lastKnownFileType = text; path = MOHSEN.hex; sourceTree = "<group>"; };
		4100CEEB2391933B003ACFF6 /* KeyPad_Driver.hex */ = {isa = PBXFileReference; lastKnownFileType = text; path = KeyPad_Driver.hex; sourceTree = "<group>"; };
		4100CEEC2391933B003ACFF6 /* subdir.mk */ = {isa = PBXFileReference; lastKnownFileType = text; path = subdir.mk; sourceTree = "<group>"; };
		4100CEED2391933B003ACFF6 /* App.d */ = {isa = PBXFileReference; lastKnownFileType = sourcecode.dtrace; path = App.d; sourceTree = "<group>"; };
/* End PBXFileReference section */

/* Begin PBXGroup section */
		4100CED92391933B003ACFF6 = {
			isa = PBXGroup;
			children = (
				4100CEDF2391933B003ACFF6 /* MCAL */,
				4100CEE02391933B003ACFF6 /* KeyPad_Driver.map */,
				4100CEE12391933B003ACFF6 /* sources.mk */,
				4100CEE22391933B003ACFF6 /* MOHSEN.map */,
				4100CEE32391933B003ACFF6 /* HAL */,
				4100CEE42391933B003ACFF6 /* makefile */,
				4100CEE52391933B003ACFF6 /* MOHSEN.lss */,
				4100CEE62391933B003ACFF6 /* KeyPad_Driver.elf */,
				4100CEE72391933B003ACFF6 /* KeyPad_Driver.lss */,
				4100CEE82391933B003ACFF6 /* objects.mk */,
				4100CEE92391933B003ACFF6 /* App.o */,
				4100CEEA2391933B003ACFF6 /* MOHSEN.hex */,
				4100CEEB2391933B003ACFF6 /* KeyPad_Driver.hex */,
				4100CEEC2391933B003ACFF6 /* subdir.mk */,
				4100CEED2391933B003ACFF6 /* App.d */,
			);
			sourceTree = "<group>";
		};
/* End PBXGroup section */

/* Begin PBXLegacyTarget section */
		4100CEDE2391933B003ACFF6 /* Debug */ = {
			isa = PBXLegacyTarget;
			buildArgumentsString = "$(ACTION)";
			buildConfigurationList = 4100CEEE2391933B003ACFF6 /* Build configuration list for PBXLegacyTarget "Debug" */;
			buildPhases = (
			);
			buildToolPath = /usr/bin/make;
			buildWorkingDirectory = /Users/ali/Documents/AVR/Demo/firmware/Debug;
			dependencies = (
			);
			name = Debug;
			passBuildSettingsInEnvironment = 1;
			productName = Debug;
		};
/* End PBXLegacyTarget section */

/* Begin PBXProject section */
		4100CEDA2391933B003ACFF6 /* Project object */ = {
			isa = PBXProject;
			attributes = {
			};
			buildConfigurationList = 4100CEDD2391933B003ACFF6 /* Build configuration list for PBXProject "Debug" */;
			compatibilityVersion = "Xcode 9.3";
			developmentRegion = en;
			hasScannedForEncodings = 0;
			knownRegions = (
				en,
			);
			mainGroup = 4100CED92391933B003ACFF6;
			projectDirPath = "";
			projectRoot = "";
			targets = (
				4100CEDE2391933B003ACFF6 /* Debug */,
			);
		};
/* End PBXProject section */

/* Begin XCBuildConfiguration section */
		4100CEDB2391933B003ACFF6 /* Debug */ = {
			isa = XCBuildConfiguration;
			buildSettings = {
				ARCHS = "$(ARCHS_STANDARD_32_BIT)";
				COPY_PHASE_STRIP = NO;
				GCC_WARN_ABOUT_RETURN_TYPE = YES;
				GCC_WARN_UNUSED_VARIABLE = YES;
				ONLY_ACTIVE_ARCH = YES;
				SDKROOT = macosx10.6;
			};
			name = Debug;
		};
		4100CEDC2391933B003ACFF6 /* Release */ = {
			isa = XCBuildConfiguration;
			buildSettings = {
				ARCHS = "$(ARCHS_STANDARD_32_BIT)";
				COPY_PHASE_STRIP = YES;
				GCC_WARN_ABOUT_RETURN_TYPE = YES;
				GCC_WARN_UNUSED_VARIABLE = YES;
				SDKROOT = macosx10.6;
			};
			name = Release;
		};
		4100CEEF2391933B003ACFF6 /* Debug */ = {
			isa = XCBuildConfiguration;
			buildSettings = {
				COPY_PHASE_STRIP = NO;
				DEBUGGING_SYMBOLS = YES;
				GCC_DYNAMIC_NO_PIC = NO;
				GCC_ENABLE_FIX_AND_CONTINUE = YES;
				GCC_GENERATE_DEBUGGING_SYMBOLS = YES;
				GCC_OPTIMIZATION_LEVEL = 0;
				OTHER_CFLAGS = "";
				OTHER_LDFLAGS = "";
				PRODUCT_NAME = Debug;
			};
			name = Debug;
		};
		4100CEF02391933B003ACFF6 /* Release */ = {
			isa = XCBuildConfiguration;
			buildSettings = {
				COPY_PHASE_STRIP = YES;
				DEBUG_INFORMATION_FORMAT = "dwarf-with-dsym";
				GCC_ENABLE_FIX_AND_CONTINUE = NO;
				OTHER_CFLAGS = "";
				OTHER_LDFLAGS = "";
				PRODUCT_NAME = Debug;
			};
			name = Release;
		};
/* End XCBuildConfiguration section */

/* Begin XCConfigurationList section */
		4100CEDD2391933B003ACFF6 /* Build configuration list for PBXProject "Debug" */ = {
			isa = XCConfigurationList;
			buildConfigurations = (
				4100CEDB2391933B003ACFF6 /* Debug */,
				4100CEDC2391933B003ACFF6 /* Release */,
			);
			defaultConfigurationIsVisible = 0;
			defaultConfigurationName = Release;
		};
		4100CEEE2391933B003ACFF6 /* Build configuration list for PBXLegacyTarget "Debug" */ = {
			isa = XCConfigurationList;
			buildConfigurations = (
				4100CEEF2391933B003ACFF6 /* Debug */,
				4100CEF02391933B003ACFF6 /* Release */,
			);
			defaultConfigurationIsVisible = 0;
			defaultConfigurationName = Release;
		};
/* End XCConfigurationList section */
	};
	rootObject = 4100CEDA2391933B003ACFF6 /* Project object */;
}
